
Microsoft Visual Studio Solution File, Format Version 12.00
# Visual Studio 15
VisualStudioVersion = 15.0.28010.2041
MinimumVisualStudioVersion = 10.0.40219.1
Project("{FAE04EC0-301F-11D3-BF4B-00C04F79EFBC}") = "AirlineReservation", "AirlineReservation\AirlineReservation.csproj", "{EE6EF48F-BD9C-477D-8A54-B5474CCE3B64}"
EndProject
Global
	GlobalSection(SolutionConfigurationPlatforms) = preSolution
		Debug|Any CPU = Debug|Any CPU
		Release|Any CPU = Release|Any CPU
	EndGlobalSection
	GlobalSection(ProjectConfigurationPlatforms) = postSolution
		{EE6EF48F-BD9C-477D-8A54-B5474CCE3B64}.Debug|Any CPU.ActiveCfg = Debug|Any CPU
		{EE6EF48F-BD9C-477D-8A54-B5474CCE3B64}.Debug|Any CPU.Build.0 = Debug|Any CPU
		{EE6EF48F-BD9C-477D-8A54-B5474CCE3B64}.Release|Any CPU.ActiveCfg = Release|Any CPU
		{EE6EF48F-BD9C-477D-8A54-B5474CCE3B64}.Release|Any CPU.Build.0 = Release|Any CPU
	EndGlobalSection
	GlobalSection(SolutionProperties) = preSolution
		HideSolutionNode = FALSE
	EndGlobalSection
	GlobalSection(ExtensibilityGlobals) = postSolution
		SolutionGuid = {62B50CA1-35EB-4630-8142-472F65A1BF35}
	EndGlobalSection
EndGlobal
